
Microsoft Visual Studio Solution File, Format Version 12.00
# Visual Studio Version 17
VisualStudioVersion = 17.0.31912.275
MinimumVisualStudioVersion = 10.0.40219.1
Project("{FAE04EC0-301F-11D3-BF4B-00C04F79EFBC}") = "HangfireSample", "HangfireSample\HangfireSample.csproj", "{37F2FED8-4367-42B7-B431-58D0324F156B}"
EndProject
Global
	GlobalSection(SolutionConfigurationPlatforms) = preSolution
		Debug|Any CPU = Debug|Any CPU
		Release|Any CPU = Release|Any CPU
	EndGlobalSection
	GlobalSection(ProjectConfigurationPlatforms) = postSolution
		{37F2FED8-4367-42B7-B431-58D0324F156B}.Debug|Any CPU.ActiveCfg = Debug|Any CPU
		{37F2FED8-4367-42B7-B431-58D0324F156B}.Debug|Any CPU.Build.0 = Debug|Any CPU
		{37F2FED8-4367-42B7-B431-58D0324F156B}.Release|Any CPU.ActiveCfg = Release|Any CPU
		{37F2FED8-4367-42B7-B431-58D0324F156B}.Release|Any CPU.Build.0 = Release|Any CPU
	EndGlobalSection
	GlobalSection(SolutionProperties) = preSolution
		HideSolutionNode = FALSE
	EndGlobalSection
	GlobalSection(ExtensibilityGlobals) = postSolution
		SolutionGuid = {5F8B7DD0-E7D5-449A-99CB-5758FDCC84DD}
	EndGlobalSection
EndGlobal
